
Microsoft Visual Studio Solution File, Format Version 12.00
# Visual Studio Version 17
VisualStudioVersion = 17.5.002.0
MinimumVisualStudioVersion = 10.0.40219.1
Project("{9A19103F-16F7-4668-BE54-9A1E7A4F7556}") = "Programming", "Programming.csproj", "{8B7A45BF-39AF-49D5-90F6-9ADB0A1A8EBB}"
EndProject
Global
	GlobalSection(SolutionConfigurationPlatforms) = preSolution
		Debug|Any CPU = Debug|Any CPU
		Release|Any CPU = Release|Any CPU
	EndGlobalSection
	GlobalSection(ProjectConfigurationPlatforms) = postSolution
		{8B7A45BF-39AF-49D5-90F6-9ADB0A1A8EBB}.Debug|Any CPU.ActiveCfg = Debug|Any CPU
		{8B7A45BF-39AF-49D5-90F6-9ADB0A1A8EBB}.Debug|Any CPU.Build.0 = Debug|Any CPU
		{8B7A45BF-39AF-49D5-90F6-9ADB0A1A8EBB}.Release|Any CPU.ActiveCfg = Release|Any CPU
		{8B7A45BF-39AF-49D5-90F6-9ADB0A1A8EBB}.Release|Any CPU.Build.0 = Release|Any CPU
	EndGlobalSection
	GlobalSection(SolutionProperties) = preSolution
		HideSolutionNode = FALSE
	EndGlobalSection
	GlobalSection(ExtensibilityGlobals) = postSolution
		SolutionGuid = {930A53FF-7F4B-4E1B-BC4A-A097CE22D977}
	EndGlobalSection
EndGlobal
